
Microsoft Visual Studio Solution File, Format Version 12.00
# Visual Studio 15
VisualStudioVersion = 15.0.27130.2024
MinimumVisualStudioVersion = 10.0.40219.1
Project("{FAE04EC0-301F-11D3-BF4B-00C04F79EFBC}") = "KFC", "KFC.csproj", "{8E852A58-0ACD-4A42-9DD8-83DA8061D1D5}"
EndProject
Global
	GlobalSection(SolutionConfigurationPlatforms) = preSolution
		Debug|Any CPU = Debug|Any CPU
		Release|Any CPU = Release|Any CPU
	EndGlobalSection
	GlobalSection(ProjectConfigurationPlatforms) = postSolution
		{8E852A58-0ACD-4A42-9DD8-83DA8061D1D5}.Debug|Any CPU.ActiveCfg = Debug|Any CPU
		{8E852A58-0ACD-4A42-9DD8-83DA8061D1D5}.Debug|Any CPU.Build.0 = Debug|Any CPU
		{8E852A58-0ACD-4A42-9DD8-83DA8061D1D5}.Release|Any CPU.ActiveCfg = Release|Any CPU
		{8E852A58-0ACD-4A42-9DD8-83DA8061D1D5}.Release|Any CPU.Build.0 = Release|Any CPU
	EndGlobalSection
	GlobalSection(SolutionProperties) = preSolution
		HideSolutionNode = FALSE
	EndGlobalSection
	GlobalSection(ExtensibilityGlobals) = postSolution
		SolutionGuid = {E5B0833B-DD08-4DE9-911C-CEF4EA9B590C}
	EndGlobalSection
EndGlobal
